// !$*UTF8*$!
{
	archiveVersion = 1;
	classes = {
	};
	objectVersion = 46;
	objects = {

/* Begin PBXBuildFile section */
		DA38A6FB19210E970037944F /* Foundation.framework in Frameworks */ = {isa = PBXBuildFile; fileRef = DA38A6FA19210E970037944F /* Foundation.framework */; };
		DA38A6FD19210E970037944F /* CoreGraphics.framework in Frameworks */ = {isa = PBXBuildFile; fileRef = DA38A6FC19210E970037944F /* CoreGraphics.framework */; };
		DA38A6FF19210E970037944F /* UIKit.framework in Frameworks */ = {isa = PBXBuildFile; fileRef = DA38A6FE19210E970037944F /* UIKit.framework */; };
		DA38A70519210E970037944F /* InfoPlist.strings in Resources */ = {isa = PBXBuildFile; fileRef = DA38A70319210E970037944F /* InfoPlist.strings */; };
		DA38A70719210E970037944F /* main.m in Sources */ = {isa = PBXBuildFile; fileRef = DA38A70619210E970037944F /* main.m */; };
		DA38A70B19210E970037944F /* BPAppDelegate.m in Sources */ = {isa = PBXBuildFile; fileRef = DA38A70A19210E970037944F /* BPAppDelegate.m */; };
		DA38A70E19210E970037944F /* Main_iPhone.storyboard in Resources */ = {isa = PBXBuildFile; fileRef = DA38A70C19210E970037944F /* Main_iPhone.storyboard */; };
		DA38A71119210E970037944F /* Main_iPad.storyboard in Resources */ = {isa = PBXBuildFile; fileRef = DA38A70F19210E970037944F /* Main_iPad.storyboard */; };
		DA38A71419210E970037944F /* BPViewController.m in Sources */ = {isa = PBXBuildFile; fileRef = DA38A71319210E970037944F /* BPViewController.m */; };
		DA38A71619210E970037944F /* Images.xcassets in Resources */ = {isa = PBXBuildFile; fileRef = DA38A71519210E970037944F /* Images.xcassets */; };
		DA38A71D19210E970037944F /* XCTest.framework in Frameworks */ = {isa = PBXBuildFile; fileRef = DA38A71C19210E970037944F /* XCTest.framework */; };
		DA38A71E19210E970037944F /* Foundation.framework in Frameworks */ = {isa = PBXBuildFile; fileRef = DA38A6FA19210E970037944F /* Foundation.framework */; };
		DA38A71F19210E970037944F /* UIKit.framework in Frameworks */ = {isa = PBXBuildFile; fileRef = DA38A6FE19210E970037944F /* UIKit.framework */; };
		DA38A72719210E970037944F /* InfoPlist.strings in Resources */ = {isa = PBXBuildFile; fileRef = DA38A72519210E970037944F /* InfoPlist.strings */; };
		DA38A72919210E970037944F /* CrashlyticsFrameworkTestTests.m in Sources */ = {isa = PBXBuildFile; fileRef = DA38A72819210E970037944F /* CrashlyticsFrameworkTestTests.m */; };
		DA38A73319210EFA0037944F /* Crashlytics.framework in Frameworks */ = {isa = PBXBuildFile; fileRef = DA38A73219210EFA0037944F /* Crashlytics.framework */; };
/* End PBXBuildFile section */

/* Begin PBXContainerItemProxy section */
		DA38A72019210E970037944F /* PBXContainerItemProxy */ = {
			isa = PBXContainerItemProxy;
			containerPortal = DA38A6EF19210E970037944F /* Project object */;
			proxyType = 1;
			remoteGlobalIDString = DA38A6F619210E970037944F;
			remoteInfo = CrashlyticsFrameworkTest;
		};
/* End PBXContainerItemProxy section */

/* Begin PBXFileReference section */
		DA38A6F719210E970037944F /* CrashlyticsFrameworkTest.app */ = {isa = PBXFileReference; explicitFileType = wrapper.application; includeInIndex = 0; path = CrashlyticsFrameworkTest.app; sourceTree = BUILT_PRODUCTS_DIR; };
		DA38A6FA19210E970037944F /* Foundation.framework */ = {isa = PBXFileReference; lastKnownFileType = wrapper.framework; name = Foundation.framework; path = System/Library/Frameworks/Foundation.framework; sourceTree = SDKROOT; };
		DA38A6FC19210E970037944F /* CoreGraphics.framework */ = {isa = PBXFileReference; lastKnownFileType = wrapper.framework; name = CoreGraphics.framework; path = System/Library/Frameworks/CoreGraphics.framework; sourceTree = SDKROOT; };
		DA38A6FE19210E970037944F /* UIKit.framework */ = {isa = PBXFileReference; lastKnownFileType = wrapper.framework; name = UIKit.framework; path = System/Library/Frameworks/UIKit.framework; sourceTree = SDKROOT; };
		DA38A70219210E970037944F /* CrashlyticsFrameworkTest-Info.plist */ = {isa = PBXFileReference; lastKnownFileType = text.plist.xml; path = "CrashlyticsFrameworkTest-Info.plist"; sourceTree = "<group>"; };
		DA38A70419210E970037944F /* en */ = {isa = PBXFileReference; lastKnownFileType = text.plist.strings; name = en; path = en.lproj/InfoPlist.strings; sourceTree = "<group>"; };
		DA38A70619210E970037944F /* main.m */ = {isa = PBXFileReference; lastKnownFileType = sourcecode.c.objc; path = main.m; sourceTree = "<group>"; };
		DA38A70819210E970037944F /* CrashlyticsFrameworkTest-Prefix.pch */ = {isa = PBXFileReference; lastKnownFileType = sourcecode.c.h; path = "CrashlyticsFrameworkTest-Prefix.pch"; sourceTree = "<group>"; };
		DA38A70919210E970037944F /* BPAppDelegate.h */ = {isa = PBXFileReference; lastKnownFileType = sourcecode.c.h; path = BPAppDelegate.h; sourceTree = "<group>"; };
		DA38A70A19210E970037944F /* BPAppDelegate.m */ = {isa = PBXFileReference; lastKnownFileType = sourcecode.c.objc; path = BPAppDelegate.m; sourceTree = "<group>"; };
		DA38A70D19210E970037944F /* Base */ = {isa = PBXFileReference; lastKnownFileType = file.storyboard; name = Base; path = Base.lproj/Main_iPhone.storyboard; sourceTree = "<group>"; };
		DA38A71019210E970037944F /* Base */ = {isa = PBXFileReference; lastKnownFileType = file.storyboard; name = Base; path = Base.lproj/Main_iPad.storyboard; sourceTree = "<group>"; };
		DA38A71219210E970037944F /* BPViewController.h */ = {isa = PBXFileReference; lastKnownFileType = sourcecode.c.h; path = BPViewController.h; sourceTree = "<group>"; };
		DA38A71319210E970037944F /* BPViewController.m */ = {isa = PBXFileReference; lastKnownFileType = sourcecode.c.objc; path = BPViewController.m; sourceTree = "<group>"; };
		DA38A71519210E970037944F /* Images.xcassets */ = {isa = PBXFileReference; lastKnownFileType = folder.assetcatalog; path = Images.xcassets; sourceTree = "<group>"; };
		DA38A71B19210E970037944F /* CrashlyticsFrameworkTestTests.xctest */ = {isa = PBXFileReference; explicitFileType = wrapper.cfbundle; includeInIndex = 0; path = CrashlyticsFrameworkTestTests.xctest; sourceTree = BUILT_PRODUCTS_DIR; };
		DA38A71C19210E970037944F /* XCTest.framework */ = {isa = PBXFileReference; lastKnownFileType = wrapper.framework; name = XCTest.framework; path = Library/Frameworks/XCTest.framework; sourceTree = DEVELOPER_DIR; };
		DA38A72419210E970037944F /* CrashlyticsFrameworkTestTests-Info.plist */ = {isa = PBXFileReference; lastKnownFileType = text.plist.xml; path = "CrashlyticsFrameworkTestTests-Info.plist"; sourceTree = "<group>"; };
		DA38A72619210E970037944F /* en */ = {isa = PBXFileReference; lastKnownFileType = text.plist.strings; name = en; path = en.lproj/InfoPlist.strings; sourceTree = "<group>"; };
		DA38A72819210E970037944F /* CrashlyticsFrameworkTestTests.m */ = {isa = PBXFileReference; lastKnownFileType = sourcecode.c.objc; path = CrashlyticsFrameworkTestTests.m; sourceTree = "<group>"; };
		DA38A73219210EFA0037944F /* Crashlytics.framework */ = {isa = PBXFileReference; lastKnownFileType = wrapper.framework; name = Crashlytics.framework; path = ../../Crashlytics.framework; sourceTree = "<group>"; };
/* End PBXFileReference section */

/* Begin PBXFrameworksBuildPhase section */
		DA38A6F419210E970037944F /* Frameworks */ = {
			isa = PBXFrameworksBuildPhase;
			buildActionMask = 2147483647;
			files = (
				DA38A6FD19210E970037944F /* CoreGraphics.framework in Frameworks */,
				DA38A6FF19210E970037944F /* UIKit.framework in Frameworks */,
				DA38A73319210EFA0037944F /* Crashlytics.framework in Frameworks */,
				DA38A6FB19210E970037944F /* Foundation.framework in Frameworks */,
			);
			runOnlyForDeploymentPostprocessing = 0;
		};
		DA38A71819210E970037944F /* Frameworks */ = {
			isa = PBXFrameworksBuildPhase;
			buildActionMask = 2147483647;
			files = (
				DA38A71D19210E970037944F /* XCTest.framework in Frameworks */,
				DA38A71F19210E970037944F /* UIKit.framework in Frameworks */,
				DA38A71E19210E970037944F /* Foundation.framework in Frameworks */,
			);
			runOnlyForDeploymentPostprocessing = 0;
		};
/* End PBXFrameworksBuildPhase section */

/* Begin PBXGroup section */
		DA38A6EE19210E970037944F = {
			isa = PBXGroup;
			children = (
				DA38A70019210E970037944F /* CrashlyticsFrameworkTest */,
				DA38A72219210E970037944F /* CrashlyticsFrameworkTestTests */,
				DA38A6F919210E970037944F /* Frameworks */,
				DA38A6F819210E970037944F /* Products */,
			);
			sourceTree = "<group>";
		};
		DA38A6F819210E970037944F /* Products */ = {
			isa = PBXGroup;
			children = (
				DA38A6F719210E970037944F /* CrashlyticsFrameworkTest.app */,
				DA38A71B19210E970037944F /* CrashlyticsFrameworkTestTests.xctest */,
			);
			name = Products;
			sourceTree = "<group>";
		};
		DA38A6F919210E970037944F /* Frameworks */ = {
			isa = PBXGroup;
			children = (
				DA38A73219210EFA0037944F /* Crashlytics.framework */,
				DA38A6FA19210E970037944F /* Foundation.framework */,
				DA38A6FC19210E970037944F /* CoreGraphics.framework */,
				DA38A6FE19210E970037944F /* UIKit.framework */,
				DA38A71C19210E970037944F /* XCTest.framework */,
			);
			name = Frameworks;
			sourceTree = "<group>";
		};
		DA38A70019210E970037944F /* CrashlyticsFrameworkTest */ = {
			isa = PBXGroup;
			children = (
				DA38A70919210E970037944F /* BPAppDelegate.h */,
				DA38A70A19210E970037944F /* BPAppDelegate.m */,
				DA38A70C19210E970037944F /* Main_iPhone.storyboard */,
				DA38A70F19210E970037944F /* Main_iPad.storyboard */,
				DA38A71219210E970037944F /* BPViewController.h */,
				DA38A71319210E970037944F /* BPViewController.m */,
				DA38A71519210E970037944F /* Images.xcassets */,
				DA38A70119210E970037944F /* Supporting Files */,
			);
			path = CrashlyticsFrameworkTest;
			sourceTree = "<group>";
		};
		DA38A70119210E970037944F /* Supporting Files */ = {
			isa = PBXGroup;
			children = (
				DA38A70219210E970037944F /* CrashlyticsFrameworkTest-Info.plist */,
				DA38A70319210E970037944F /* InfoPlist.strings */,
				DA38A70619210E970037944F /* main.m */,
				DA38A70819210E970037944F /* CrashlyticsFrameworkTest-Prefix.pch */,
			);
			name = "Supporting Files";
			sourceTree = "<group>";
		};
		DA38A72219210E970037944F /* CrashlyticsFrameworkTestTests */ = {
			isa = PBXGroup;
			children = (
				DA38A72819210E970037944F /* CrashlyticsFrameworkTestTests.m */,
				DA38A72319210E970037944F /* Supporting Files */,
			);
			path = CrashlyticsFrameworkTestTests;
			sourceTree = "<group>";
		};
		DA38A72319210E970037944F /* Supporting Files */ = {
			isa = PBXGroup;
			children = (
				DA38A72419210E970037944F /* CrashlyticsFrameworkTestTests-Info.plist */,
				DA38A72519210E970037944F /* InfoPlist.strings */,
			);
			name = "Supporting Files";
			sourceTree = "<group>";
		};
/* End PBXGroup section */

/* Begin PBXNativeTarget section */
		DA38A6F619210E970037944F /* CrashlyticsFrameworkTest */ = {
			isa = PBXNativeTarget;
			buildConfigurationList = DA38A72C19210E970037944F /* Build configuration list for PBXNativeTarget "CrashlyticsFrameworkTest" */;
			buildPhases = (
				DA38A6F319210E970037944F /* Sources */,
				DA38A6F419210E970037944F /* Frameworks */,
				DA38A6F519210E970037944F /* Resources */,
			);
			buildRules = (
			);
			dependencies = (
			);
			name = CrashlyticsFrameworkTest;
			productName = CrashlyticsFrameworkTest;
			productReference = DA38A6F719210E970037944F /* CrashlyticsFrameworkTest.app */;
			productType = "com.apple.product-type.application";
		};
		DA38A71A19210E970037944F /* CrashlyticsFrameworkTestTests */ = {
			isa = PBXNativeTarget;
			buildConfigurationList = DA38A72F19210E970037944F /* Build configuration list for PBXNativeTarget "CrashlyticsFrameworkTestTests" */;
			buildPhases = (
				DA38A71719210E970037944F /* Sources */,
				DA38A71819210E970037944F /* Frameworks */,
				DA38A71919210E970037944F /* Resources */,
			);
			buildRules = (
			);
			dependencies = (
				DA38A72119210E970037944F /* PBXTargetDependency */,
			);
			name = CrashlyticsFrameworkTestTests;
			productName = CrashlyticsFrameworkTestTests;
			productReference = DA38A71B19210E970037944F /* CrashlyticsFrameworkTestTests.xctest */;
			productType = "com.apple.product-type.bundle.unit-test";
		};
/* End PBXNativeTarget section */

/* Begin PBXProject section */
		DA38A6EF19210E970037944F /* Project object */ = {
			isa = PBXProject;
			attributes = {
				CLASSPREFIX = BP;
				LastUpgradeCheck = 0510;
				ORGANIZATIONNAME = bpoplauschi;
				TargetAttributes = {
					DA38A71A19210E970037944F = {
						TestTargetID = DA38A6F619210E970037944F;
					};
				};
			};
			buildConfigurationList = DA38A6F219210E970037944F /* Build configuration list for PBXProject "CrashlyticsFrameworkTest" */;
			compatibilityVersion = "Xcode 3.2";
			developmentRegion = English;
			hasScannedForEncodings = 0;
			knownRegions = (
				en,
				Base,
			);
			mainGroup = DA38A6EE19210E970037944F;
			productRefGroup = DA38A6F819210E970037944F /* Products */;
			projectDirPath = "";
			projectRoot = "";
			targets = (
				DA38A6F619210E970037944F /* CrashlyticsFrameworkTest */,
				DA38A71A19210E970037944F /* CrashlyticsFrameworkTestTests */,
			);
		};
/* End PBXProject section */

/* Begin PBXResourcesBuildPhase section */
		DA38A6F519210E970037944F /* Resources */ = {
			isa = PBXResourcesBuildPhase;
			buildActionMask = 2147483647;
			files = (
				DA38A71119210E970037944F /* Main_iPad.storyboard in Resources */,
				DA38A71619210E970037944F /* Images.xcassets in Resources */,
				DA38A70E19210E970037944F /* Main_iPhone.storyboard in Resources */,
				DA38A70519210E970037944F /* InfoPlist.strings in Resources */,
			);
			runOnlyForDeploymentPostprocessing = 0;
		};
		DA38A71919210E970037944F /* Resources */ = {
			isa = PBXResourcesBuildPhase;
			buildActionMask = 2147483647;
			files = (
				DA38A72719210E970037944F /* InfoPlist.strings in Resources */,
			);
			runOnlyForDeploymentPostprocessing = 0;
		};
/* End PBXResourcesBuildPhase section */

/* Begin PBXSourcesBuildPhase section */
		DA38A6F319210E970037944F /* Sources */ = {
			isa = PBXSourcesBuildPhase;
			buildActionMask = 2147483647;
			files = (
				DA38A71419210E970037944F /* BPViewController.m in Sources */,
				DA38A70B19210E970037944F /* BPAppDelegate.m in Sources */,
				DA38A70719210E970037944F /* main.m in Sources */,
			);
			runOnlyForDeploymentPostprocessing = 0;
		};
		DA38A71719210E970037944F /* Sources */ = {
			isa = PBXSourcesBuildPhase;
			buildActionMask = 2147483647;
			files = (
				DA38A72919210E970037944F /* CrashlyticsFrameworkTestTests.m in Sources */,
			);
			runOnlyForDeploymentPostprocessing = 0;
		};
/* End PBXSourcesBuildPhase section */

/* Begin PBXTargetDependency section */
		DA38A72119210E970037944F /* PBXTargetDependency */ = {
			isa = PBXTargetDependency;
			target = DA38A6F619210E970037944F /* CrashlyticsFrameworkTest */;
			targetProxy = DA38A72019210E970037944F /* PBXContainerItemProxy */;
		};
/* End PBXTargetDependency section */

/* Begin PBXVariantGroup section */
		DA38A70319210E970037944F /* InfoPlist.strings */ = {
			isa = PBXVariantGroup;
			children = (
				DA38A70419210E970037944F /* en */,
			);
			name = InfoPlist.strings;
			sourceTree = "<group>";
		};
		DA38A70C19210E970037944F /* Main_iPhone.storyboard */ = {
			isa = PBXVariantGroup;
			children = (
				DA38A70D19210E970037944F /* Base */,
			);
			name = Main_iPhone.storyboard;
			sourceTree = "<group>";
		};
		DA38A70F19210E970037944F /* Main_iPad.storyboard */ = {
			isa = PBXVariantGroup;
			children = (
				DA38A71019210E970037944F /* Base */,
			);
			name = Main_iPad.storyboard;
			sourceTree = "<group>";
		};
		DA38A72519210E970037944F /* InfoPlist.strings */ = {
			isa = PBXVariantGroup;
			children = (
				DA38A72619210E970037944F /* en */,
			);
			name = InfoPlist.strings;
			sourceTree = "<group>";
		};
/* End PBXVariantGroup section */

/* Begin XCBuildConfiguration section */
		DA38A72A19210E970037944F /* Debug */ = {
			isa = XCBuildConfiguration;
			buildSettings = {
				ALWAYS_SEARCH_USER_PATHS = NO;
				CLANG_CXX_LANGUAGE_STANDARD = "gnu++0x";
				CLANG_CXX_LIBRARY = "libc++";
				CLANG_ENABLE_MODULES = YES;
				CLANG_ENABLE_OBJC_ARC = YES;
				CLANG_WARN_BOOL_CONVERSION = YES;
				CLANG_WARN_CONSTANT_CONVERSION = YES;
				CLANG_WARN_DIRECT_OBJC_ISA_USAGE = YES_ERROR;
				CLANG_WARN_EMPTY_BODY = YES;
				CLANG_WARN_ENUM_CONVERSION = YES;
				CLANG_WARN_INT_CONVERSION = YES;
				CLANG_WARN_OBJC_ROOT_CLASS = YES_ERROR;
				CLANG_WARN__DUPLICATE_METHOD_MATCH = YES;
				"CODE_SIGN_IDENTITY[sdk=iphoneos*]" = "iPhone Developer";
				COPY_PHASE_STRIP = NO;
				GCC_C_LANGUAGE_STANDARD = gnu99;
				GCC_DYNAMIC_NO_PIC = NO;
				GCC_OPTIMIZATION_LEVEL = 0;
				GCC_PREPROCESSOR_DEFINITIONS = (
					"DEBUG=1",
					"$(inherited)",
				);
				GCC_SYMBOLS_PRIVATE_EXTERN = NO;
				GCC_WARN_64_TO_32_BIT_CONVERSION = YES;
				GCC_WARN_ABOUT_RETURN_TYPE = YES_ERROR;
				GCC_WARN_UNDECLARED_SELECTOR = YES;
				GCC_WARN_UNINITIALIZED_AUTOS = YES_AGGRESSIVE;
				GCC_WARN_UNUSED_FUNCTION = YES;
				GCC_WARN_UNUSED_VARIABLE = YES;
				IPHONEOS_DEPLOYMENT_TARGET = 7.1;
				ONLY_ACTIVE_ARCH = YES;
				SDKROOT = iphoneos;
				TARGETED_DEVICE_FAMILY = "1,2";
			};
			name = Debug;
		};
		DA38A72B19210E970037944F /* Release */ = {
			isa = XCBuildConfiguration;
			buildSettings = {
				ALWAYS_SEARCH_USER_PATHS = NO;
				CLANG_CXX_LANGUAGE_STANDARD = "gnu++0x";
				CLANG_CXX_LIBRARY = "libc++";
				CLANG_ENABLE_MODULES = YES;
				CLANG_ENABLE_OBJC_ARC = YES;
				CLANG_WARN_BOOL_CONVERSION = YES;
				CLANG_WARN_CONSTANT_CONVERSION = YES;
				CLANG_WARN_DIRECT_OBJC_ISA_USAGE = YES_ERROR;
				CLANG_WARN_EMPTY_BODY = YES;
				CLANG_WARN_ENUM_CONVERSION = YES;
				CLANG_WARN_INT_CONVERSION = YES;
				CLANG_WARN_OBJC_ROOT_CLASS = YES_ERROR;
				CLANG_WARN__DUPLICATE_METHOD_MATCH = YES;
				"CODE_SIGN_IDENTITY[sdk=iphoneos*]" = "iPhone Developer";
				COPY_PHASE_STRIP = YES;
				ENABLE_NS_ASSERTIONS = NO;
				GCC_C_LANGUAGE_STANDARD = gnu99;
				GCC_WARN_64_TO_32_BIT_CONVERSION = YES;
				GCC_WARN_ABOUT_RETURN_TYPE = YES_ERROR;
				GCC_WARN_UNDECLARED_SELECTOR = YES;
				GCC_WARN_UNINITIALIZED_AUTOS = YES_AGGRESSIVE;
				GCC_WARN_UNUSED_FUNCTION = YES;
				GCC_WARN_UNUSED_VARIABLE = YES;
				IPHONEOS_DEPLOYMENT_TARGET = 7.1;
				SDKROOT = iphoneos;
				TARGETED_DEVICE_FAMILY = "1,2";
				VALIDATE_PRODUCT = YES;
			};
			name = Release;
		};
		DA38A72D19210E970037944F /* Debug */ = {
			isa = XCBuildConfiguration;
			buildSettings = {
				ASSETCATALOG_COMPILER_APPICON_NAME = AppIcon;
				ASSETCATALOG_COMPILER_LAUNCHIMAGE_NAME = LaunchImage;
				FRAMEWORK_SEARCH_PATHS = (
					"$(inherited)",
					../../,
				);
				GCC_PRECOMPILE_PREFIX_HEADER = YES;
				GCC_PREFIX_HEADER = "CrashlyticsFrameworkTest/CrashlyticsFrameworkTest-Prefix.pch";
				INFOPLIST_FILE = "CrashlyticsFrameworkTest/CrashlyticsFrameworkTest-Info.plist";
				PRODUCT_NAME = "$(TARGET_NAME)";
				WRAPPER_EXTENSION = app;
			};
			name = Debug;
		};
		DA38A72E19210E970037944F /* Release */ = {
			isa = XCBuildConfiguration;
			buildSettings = {
				ASSETCATALOG_COMPILER_APPICON_NAME = AppIcon;
				ASSETCATALOG_COMPILER_LAUNCHIMAGE_NAME = LaunchImage;
				FRAMEWORK_SEARCH_PATHS = (
					"$(inherited)",
					../../,
				);
				GCC_PRECOMPILE_PREFIX_HEADER = YES;
				GCC_PREFIX_HEADER = "CrashlyticsFrameworkTest/CrashlyticsFrameworkTest-Prefix.pch";
				INFOPLIST_FILE = "CrashlyticsFrameworkTest/CrashlyticsFrameworkTest-Info.plist";
				PRODUCT_NAME = "$(TARGET_NAME)";
				WRAPPER_EXTENSION = app;
			};
			name = Release;
		};
		DA38A73019210E970037944F /* Debug */ = {
			isa = XCBuildConfiguration;
			buildSettings = {
				BUNDLE_LOADER = "$(BUILT_PRODUCTS_DIR)/CrashlyticsFrameworkTest.app/CrashlyticsFrameworkTest";
				FRAMEWORK_SEARCH_PATHS = (
					"$(SDKROOT)/Developer/Library/Frameworks",
					"$(inherited)",
					"$(DEVELOPER_FRAMEWORKS_DIR)",
				);
				GCC_PRECOMPILE_PREFIX_HEADER = YES;
				GCC_PREFIX_HEADER = "CrashlyticsFrameworkTest/CrashlyticsFrameworkTest-Prefix.pch";
				GCC_PREPROCESSOR_DEFINITIONS = (
					"DEBUG=1",
					"$(inherited)",
				);
				INFOPLIST_FILE = "CrashlyticsFrameworkTestTests/CrashlyticsFrameworkTestTests-Info.plist";
				PRODUCT_NAME = "$(TARGET_NAME)";
				TEST_HOST = "$(BUNDLE_LOADER)";
				WRAPPER_EXTENSION = xctest;
			};
			name = Debug;
		};
		DA38A73119210E970037944F /* Release */ = {
			isa = XCBuildConfiguration;
			buildSettings = {
				BUNDLE_LOADER = "$(BUILT_PRODUCTS_DIR)/CrashlyticsFrameworkTest.app/CrashlyticsFrameworkTest";
				FRAMEWORK_SEARCH_PATHS = (
					"$(SDKROOT)/Developer/Library/Frameworks",
					"$(inherited)",
					"$(DEVELOPER_FRAMEWORKS_DIR)",
				);
				GCC_PRECOMPILE_PREFIX_HEADER = YES;
				GCC_PREFIX_HEADER = "CrashlyticsFrameworkTest/CrashlyticsFrameworkTest-Prefix.pch";
				INFOPLIST_FILE = "CrashlyticsFrameworkTestTests/CrashlyticsFrameworkTestTests-Info.plist";
				PRODUCT_NAME = "$(TARGET_NAME)";
				TEST_HOST = "$(BUNDLE_LOADER)";
				WRAPPER_EXTENSION = xctest;
			};
			name = Release;
		};
/* End XCBuildConfiguration section */

/* Begin XCConfigurationList section */
		DA38A6F219210E970037944F /* Build configuration list for PBXProject "CrashlyticsFrameworkTest" */ = {
			isa = XCConfigurationList;
			buildConfigurations = (
				DA38A72A19210E970037944F /* Debug */,
				DA38A72B19210E970037944F /* Release */,
			);
			defaultConfigurationIsVisible = 0;
			defaultConfigurationName = Release;
		};
		DA38A72C19210E970037944F /* Build configuration list for PBXNativeTarget "CrashlyticsFrameworkTest" */ = {
			isa = XCConfigurationList;
			buildConfigurations = (
				DA38A72D19210E970037944F /* Debug */,
				DA38A72E19210E970037944F /* Release */,
			);
			defaultConfigurationIsVisible = 0;
			defaultConfigurationName = Release;
		};
		DA38A72F19210E970037944F /* Build configuration list for PBXNativeTarget "CrashlyticsFrameworkTestTests" */ = {
			isa = XCConfigurationList;
			buildConfigurations = (
				DA38A73019210E970037944F /* Debug */,
				DA38A73119210E970037944F /* Release */,
			);
			defaultConfigurationIsVisible = 0;
			defaultConfigurationName = Release;
		};
/* End XCConfigurationList section */
	};
	rootObject = DA38A6EF19210E970037944F /* Project object */;
}
